
Microsoft Visual Studio Solution File, Format Version 12.00
# Visual Studio Version 16
VisualStudioVersion = 16.0.30621.155
MinimumVisualStudioVersion = 10.0.40219.1
Project("{FAE04EC0-301F-11D3-BF4B-00C04F79EFBC}") = "Webdemo", "Webdemo\Webdemo.csproj", "{B0E7E9B5-48A0-486F-91AF-B354F0586465}"
EndProject
Global
	GlobalSection(SolutionConfigurationPlatforms) = preSolution
		Debug|Any CPU = Debug|Any CPU
		Release|Any CPU = Release|Any CPU
	EndGlobalSection
	GlobalSection(ProjectConfigurationPlatforms) = postSolution
		{B0E7E9B5-48A0-486F-91AF-B354F0586465}.Debug|Any CPU.ActiveCfg = Debug|Any CPU
		{B0E7E9B5-48A0-486F-91AF-B354F0586465}.Debug|Any CPU.Build.0 = Debug|Any CPU
		{B0E7E9B5-48A0-486F-91AF-B354F0586465}.Release|Any CPU.ActiveCfg = Release|Any CPU
		{B0E7E9B5-48A0-486F-91AF-B354F0586465}.Release|Any CPU.Build.0 = Release|Any CPU
	EndGlobalSection
	GlobalSection(SolutionProperties) = preSolution
		HideSolutionNode = FALSE
	EndGlobalSection
	GlobalSection(ExtensibilityGlobals) = postSolution
		SolutionGuid = {922E666E-1B8E-4E99-B944-8C788A2FBC82}
	EndGlobalSection
EndGlobal
